
Microsoft Visual Studio Solution File, Format Version 12.00
# Visual Studio Version 17
VisualStudioVersion = 17.8.34330.188
MinimumVisualStudioVersion = 10.0.40219.1
Project("{2150E333-8FDC-42A3-9474-1A3956D46DE8}") = "src", "src", "{0BC982E9-6A28-4C28-8AC9-0B4431064F9D}"
EndProject
Project("{2150E333-8FDC-42A3-9474-1A3956D46DE8}") = "Modules", "Modules", "{39FAE76F-2C55-49B0-95D3-9321AB6CB6D3}"
EndProject
Project("{9A19103F-16F7-4668-BE54-9A1E7A4F7556}") = "Shop.WebApi", "src\Shop.WebApi\Shop.WebApi.csproj", "{2059630E-5796-4A0C-9804-045A086FDC30}"
EndProject
Project("{9A19103F-16F7-4668-BE54-9A1E7A4F7556}") = "Shop.Infrastructure", "src\Shop.Infrastructure\Shop.Infrastructure.csproj", "{50E14DE2-884F-484F-8D83-2FA5AB30ED64}"
EndProject
Project("{9A19103F-16F7-4668-BE54-9A1E7A4F7556}") = "Shop.Module.Core", "src\Modules\Shop.Module.Core\Shop.Module.Core.csproj", "{49371E16-1154-4488-B32E-E2883575BEC8}"
EndProject
Project("{9A19103F-16F7-4668-BE54-9A1E7A4F7556}") = "Shop.Module.EmailSenderSmtp", "src\Modules\Shop.Module.EmailSenderSmtp\Shop.Module.EmailSenderSmtp.csproj", "{954CE4D9-0B9E-4736-8EB5-C88143432107}"
EndProject
Project("{9A19103F-16F7-4668-BE54-9A1E7A4F7556}") = "Shop.Module.Catalog", "src\Modules\Shop.Module.Catalog\Shop.Module.Catalog.csproj", "{4A8399EC-80CA-4DB9-886C-A8916D63FEA4}"
EndProject
Project("{9A19103F-16F7-4668-BE54-9A1E7A4F7556}") = "Shop.Module.StorageGitHub", "src\Modules\Shop.Module.StorageGitHub\Shop.Module.StorageGitHub.csproj", "{8C0557A2-30DC-4C35-A48B-2721BF0BDFB7}"
EndProject
Project("{9A19103F-16F7-4668-BE54-9A1E7A4F7556}") = "Shop.Module.Inventory", "src\Modules\Shop.Module.Inventory\Shop.Module.Inventory.csproj", "{3776CC7E-5644-4915-8400-2FE179709D60}"
EndProject
Project("{9A19103F-16F7-4668-BE54-9A1E7A4F7556}") = "Shop.Module.Shipping", "src\Modules\Shop.Module.Shipping\Shop.Module.Shipping.csproj", "{57130ADF-5548-4D2A-BB65-CC80DAFD9950}"
EndProject
Project("{9A19103F-16F7-4668-BE54-9A1E7A4F7556}") = "Shop.Module.Orders", "src\Modules\Shop.Module.Orders\Shop.Module.Orders.csproj", "{CBB43C4B-AC3F-495B-A220-E9266A06BB19}"
EndProject
Project("{9A19103F-16F7-4668-BE54-9A1E7A4F7556}") = "Shop.Module.Shipments", "src\Modules\Shop.Module.Shipments\Shop.Module.Shipments.csproj", "{AF3DBE23-6D71-461D-B9C3-FBADE96C395A}"
EndProject
Project("{9A19103F-16F7-4668-BE54-9A1E7A4F7556}") = "Shop.Module.SmsSenderAliyun", "src\Modules\Shop.Module.SmsSenderAliyun\Shop.Module.SmsSenderAliyun.csproj", "{98C51DC5-09E3-4CE9-957B-1A9336EBF23C}"
EndProject
Project("{9A19103F-16F7-4668-BE54-9A1E7A4F7556}") = "Shop.Module.Hangfire", "src\Modules\Shop.Module.Hangfire\Shop.Module.Hangfire.csproj", "{DCE7B6B6-4617-4063-8E55-AA2B0F7C7BE2}"
EndProject
Project("{9A19103F-16F7-4668-BE54-9A1E7A4F7556}") = "Shop.Module.ShoppingCart", "src\Modules\Shop.Module.ShoppingCart\Shop.Module.ShoppingCart.csproj", "{C2ACBD35-964A-4E61-8BAD-784414BA36B9}"
EndProject
Project("{9A19103F-16F7-4668-BE54-9A1E7A4F7556}") = "Shop.Module.Core.MiniProgram", "src\Modules\Shop.Module.Core.MiniProgram\Shop.Module.Core.MiniProgram.csproj", "{A2469090-CF84-4B18-91F3-D1D61FA2D1B9}"
EndProject
Project("{2150E333-8FDC-42A3-9474-1A3956D46DE8}") = "MQ", "MQ", "{169A12D7-296F-46B0-9EEF-C3A576D05428}"
EndProject
Project("{9A19103F-16F7-4668-BE54-9A1E7A4F7556}") = "Shop.Module.Reviews", "src\Modules\Shop.Module.Reviews\Shop.Module.Reviews.csproj", "{547196CC-28BC-4893-9920-F34CF5719906}"
EndProject
Project("{2150E333-8FDC-42A3-9474-1A3956D46DE8}") = "Storage", "Storage", "{69D7DF55-97BF-42E9-A63E-65FB6C6B9E82}"
EndProject
Project("{2150E333-8FDC-42A3-9474-1A3956D46DE8}") = "Sms", "Sms", "{4E38F7C8-620E-4522-A110-65633F46F607}"
EndProject
Project("{2150E333-8FDC-42A3-9474-1A3956D46DE8}") = "Email", "Email", "{52360158-5642-418B-AB73-A6877B8F50DF}"
EndProject
Project("{2150E333-8FDC-42A3-9474-1A3956D46DE8}") = "Schedule", "Schedule", "{C6E59042-550D-4E07-B339-5791E066AB8F}"
EndProject
Project("{9A19103F-16F7-4668-BE54-9A1E7A4F7556}") = "Shop.Module.MassTransitMQ", "src\Modules\Shop.Module.MassTransitMQ\Shop.Module.MassTransitMQ.csproj", "{8E997992-095F-418E-90D2-F251A079C439}"
EndProject
Project("{9A19103F-16F7-4668-BE54-9A1E7A4F7556}") = "Shop.Module.Feedbacks", "src\Modules\Shop.Module.Feedback\Shop.Module.Feedbacks.csproj", "{80D09935-BC02-4F37-A6E6-1800463ECD6C}"
EndProject
Project("{9A19103F-16F7-4668-BE54-9A1E7A4F7556}") = "Shop.Module.Reviews.Abstractions", "src\Modules\Shop.Module.Reviews.Abstractions\Shop.Module.Reviews.Abstractions.csproj", "{CD465168-DCA4-4E2B-8167-7E7091252DFF}"
EndProject
Project("{9A19103F-16F7-4668-BE54-9A1E7A4F7556}") = "Shop.Module.Core.Abstractions", "src\Modules\Shop.Module.Core.Abstractions\Shop.Module.Core.Abstractions.csproj", "{527DCB0E-8DEA-4094-9E02-96B8A38F2AC6}"
EndProject
Project("{9A19103F-16F7-4668-BE54-9A1E7A4F7556}") = "Shop.Module.Schedule.Abstractions", "src\Modules\Shop.Module.Schedule.Abstractions\Shop.Module.Schedule.Abstractions.csproj", "{BE74CEDE-D827-4C1A-BA0E-9B65017F58F4}"
EndProject
Project("{9A19103F-16F7-4668-BE54-9A1E7A4F7556}") = "Shop.Module.Catalog.Abstractions", "src\Modules\Shop.Module.Catalog.Abstractions\Shop.Module.Catalog.Abstractions.csproj", "{F2361B16-8293-4030-B4D0-D7BA5ACBCAF8}"
EndProject
Project("{9A19103F-16F7-4668-BE54-9A1E7A4F7556}") = "Shop.Module.Shipping.Abstractions", "src\Modules\Shop.Module.Shipping.Abstractions\Shop.Module.Shipping.Abstractions.csproj", "{692F5092-FC9A-40D5-9610-6465EBD7D788}"
EndProject
Project("{9A19103F-16F7-4668-BE54-9A1E7A4F7556}") = "Shop.Module.Feedbacks.Abstractions", "src\Modules\Shop.Module.Feedbacks.Abstractions\Shop.Module.Feedbacks.Abstractions.csproj", "{B6D2D72D-40FF-4840-94CC-FFAAEB740292}"
EndProject
Project("{9A19103F-16F7-4668-BE54-9A1E7A4F7556}") = "Shop.Module.Inventory.Abstractions", "src\Modules\Shop.Module.Inventory.Abstractions\Shop.Module.Inventory.Abstractions.csproj", "{4B04189F-87CB-4B16-AAEA-F4AADFC1C80D}"
EndProject
Project("{9A19103F-16F7-4668-BE54-9A1E7A4F7556}") = "Shop.Module.Orders.Abstractions", "src\Modules\Shop.Module.Orders.Abstractions\Shop.Module.Orders.Abstractions.csproj", "{03C65BE8-49A7-470B-B33B-9CB0E0AA7EA0}"
EndProject
Project("{9A19103F-16F7-4668-BE54-9A1E7A4F7556}") = "Shop.Module.Shipments.Abstractions", "src\Modules\Shop.Module.Shipments.Abstractions\Shop.Module.Shipments.Abstractions.csproj", "{01608CA4-4A91-41B8-AFC7-2B74E5C11C91}"
EndProject
Project("{9A19103F-16F7-4668-BE54-9A1E7A4F7556}") = "Shop.Module.ShoppingCart.Abstractions", "src\Modules\Shop.Module.ShoppingCart.Abstractions\Shop.Module.ShoppingCart.Abstractions.csproj", "{A4289EEE-84F5-428C-98E1-9BECC11FB1D6}"
EndProject
Project("{9A19103F-16F7-4668-BE54-9A1E7A4F7556}") = "Shop.Module.MQ.Abstractions", "src\Modules\Shop.Module.MQ.Abstractions\Shop.Module.MQ.Abstractions.csproj", "{14FEEAF2-FFFE-4151-98D3-61A102CDA191}"
EndProject
Project("{2150E333-8FDC-42A3-9474-1A3956D46DE8}") = "MiniProgram", "MiniProgram", "{9ABB371E-6E15-4FA8-AE40-785F67DD136A}"
EndProject
Project("{9A19103F-16F7-4668-BE54-9A1E7A4F7556}") = "Shop.Module.Payments.Abstractions", "src\Modules\Shop.Module.Payments.Abstractions\Shop.Module.Payments.Abstractions.csproj", "{E1D2F70F-8009-4D59-A4C7-8EEC1A7E4DF2}"
EndProject
Project("{2150E333-8FDC-42A3-9474-1A3956D46DE8}") = "Payments", "Payments", "{6F2CAD58-984B-42E2-A535-BC822BF91E3E}"
EndProject
Project("{9A19103F-16F7-4668-BE54-9A1E7A4F7556}") = "Shop.Module.Payments.Payments", "src\Modules\Shop.Module.Payments.Payments\Shop.Module.Payments.Payments.csproj", "{B2C93296-FA2C-416E-8309-29A3E0233EF4}"
EndProject
Project("{2150E333-8FDC-42A3-9474-1A3956D46DE8}") = "SampleData", "SampleData", "{7AB066A4-8672-417F-99F5-0C9138CF8067}"
EndProject
Project("{9A19103F-16F7-4668-BE54-9A1E7A4F7556}") = "Shop.Module.SampleData", "src\Modules\Shop.Module.SampleData\Shop.Module.SampleData.csproj", "{43E1285D-F3BF-48F1-A732-68EFF9EB50F8}"
EndProject
Project("{2150E333-8FDC-42A3-9474-1A3956D46DE8}") = "tests", "tests", "{B855ED99-5303-4D66-88CC-9F53E27D9B63}"
EndProject
Project("{9A19103F-16F7-4668-BE54-9A1E7A4F7556}") = "Shop.Module.StorageLocal", "src\Modules\Shop.Module.StorageLocal\Shop.Module.StorageLocal.csproj", "{A7B041CB-8CE4-4558-8E33-35F5984AF16D}"
EndProject
Project("{9A19103F-16F7-4668-BE54-9A1E7A4F7556}") = "Shop.Module.Core.Tests", "test\Shop.Module.Core.Tests\Shop.Module.Core.Tests.csproj", "{BCFF1899-6759-44C5-841C-C700B7E94E9B}"
EndProject
Project("{2150E333-8FDC-42A3-9474-1A3956D46DE8}") = "docs", "docs", "{08FD4614-6F70-403F-8A0E-770F6FE3E7A3}"
	ProjectSection(SolutionItems) = preProject
		..\..\README.md = ..\..\README.md
	EndProjectSection
EndProject
Project("{E53339B2-1760-4266-BCC7-CA923CBCF16C}") = "docker-compose", "docker-compose.dcproj", "{961155C0-6024-4299-97D6-305A00871081}"
EndProject
Project("{2150E333-8FDC-42A3-9474-1A3956D46DE8}") = "RateLimit", "RateLimit", "{1AD95D6C-BB8B-4435-A58A-39344F6996DD}"
EndProject
Project("{9A19103F-16F7-4668-BE54-9A1E7A4F7556}") = "Shop.Module.RateLimit", "src\Modules\Shop.Module.RateLimit\Shop.Module.RateLimit.csproj", "{4D2DC2F4-F6C4-484D-B05A-263D9D318E5B}"
EndProject
Project("{2150E333-8FDC-42A3-9474-1A3956D46DE8}") = "ApiProfiler", "ApiProfiler", "{FFB4CF7C-7A5E-4CD8-A8A5-879B00B9BF18}"
EndProject
Project("{2150E333-8FDC-42A3-9474-1A3956D46DE8}") = "BasicAuth", "BasicAuth", "{6A0B83E9-2EDC-4118-AA03-E9F4D9553C97}"
EndProject
Project("{9A19103F-16F7-4668-BE54-9A1E7A4F7556}") = "Shop.Module.BasicAuth", "src\Modules\Shop.Module.BasicAuth\Shop.Module.BasicAuth.csproj", "{6BBFE57E-BEFF-45AC-8960-1779E315E39C}"
EndProject
Project("{9A19103F-16F7-4668-BE54-9A1E7A4F7556}") = "Shop.Module.ApiProfiler", "src\Modules\Shop.Module.ApiProfiler\Shop.Module.ApiProfiler.csproj", "{A88A5F67-D135-46F8-B686-0948C1C85F80}"
EndProject
Project("{9A19103F-16F7-4668-BE54-9A1E7A4F7556}") = "Shop.Module.ApiProfilerAuth", "src\Modules\Shop.Module.ApiProfilerAuth\Shop.Module.ApiProfilerAuth.csproj", "{EBB6F5CA-EA99-45B8-8CB8-67E0496B6DA1}"
EndProject
Global
	GlobalSection(SolutionConfigurationPlatforms) = preSolution
		Debug|Any CPU = Debug|Any CPU
		Release|Any CPU = Release|Any CPU
	EndGlobalSection
	GlobalSection(ProjectConfigurationPlatforms) = postSolution
		{2059630E-5796-4A0C-9804-045A086FDC30}.Debug|Any CPU.ActiveCfg = Debug|Any CPU
		{2059630E-5796-4A0C-9804-045A086FDC30}.Debug|Any CPU.Build.0 = Debug|Any CPU
		{2059630E-5796-4A0C-9804-045A086FDC30}.Release|Any CPU.ActiveCfg = Release|Any CPU
		{2059630E-5796-4A0C-9804-045A086FDC30}.Release|Any CPU.Build.0 = Release|Any CPU
		{50E14DE2-884F-484F-8D83-2FA5AB30ED64}.Debug|Any CPU.ActiveCfg = Debug|Any CPU
		{50E14DE2-884F-484F-8D83-2FA5AB30ED64}.Debug|Any CPU.Build.0 = Debug|Any CPU
		{50E14DE2-884F-484F-8D83-2FA5AB30ED64}.Release|Any CPU.ActiveCfg = Release|Any CPU
		{50E14DE2-884F-484F-8D83-2FA5AB30ED64}.Release|Any CPU.Build.0 = Release|Any CPU
		{49371E16-1154-4488-B32E-E2883575BEC8}.Debug|Any CPU.ActiveCfg = Debug|Any CPU
		{49371E16-1154-4488-B32E-E2883575BEC8}.Debug|Any CPU.Build.0 = Debug|Any CPU
		{49371E16-1154-4488-B32E-E2883575BEC8}.Release|Any CPU.ActiveCfg = Release|Any CPU
		{49371E16-1154-4488-B32E-E2883575BEC8}.Release|Any CPU.Build.0 = Release|Any CPU
		{954CE4D9-0B9E-4736-8EB5-C88143432107}.Debug|Any CPU.ActiveCfg = Debug|Any CPU
		{954CE4D9-0B9E-4736-8EB5-C88143432107}.Debug|Any CPU.Build.0 = Debug|Any CPU
		{954CE4D9-0B9E-4736-8EB5-C88143432107}.Release|Any CPU.ActiveCfg = Release|Any CPU
		{954CE4D9-0B9E-4736-8EB5-C88143432107}.Release|Any CPU.Build.0 = Release|Any CPU
		{4A8399EC-80CA-4DB9-886C-A8916D63FEA4}.Debug|Any CPU.ActiveCfg = Debug|Any CPU
		{4A8399EC-80CA-4DB9-886C-A8916D63FEA4}.Debug|Any CPU.Build.0 = Debug|Any CPU
		{4A8399EC-80CA-4DB9-886C-A8916D63FEA4}.Release|Any CPU.ActiveCfg = Release|Any CPU
		{4A8399EC-80CA-4DB9-886C-A8916D63FEA4}.Release|Any CPU.Build.0 = Release|Any CPU
		{8C0557A2-30DC-4C35-A48B-2721BF0BDFB7}.Debug|Any CPU.ActiveCfg = Debug|Any CPU
		{8C0557A2-30DC-4C35-A48B-2721BF0BDFB7}.Debug|Any CPU.Build.0 = Debug|Any CPU
		{8C0557A2-30DC-4C35-A48B-2721BF0BDFB7}.Release|Any CPU.ActiveCfg = Release|Any CPU
		{8C0557A2-30DC-4C35-A48B-2721BF0BDFB7}.Release|Any CPU.Build.0 = Release|Any CPU
		{3776CC7E-5644-4915-8400-2FE179709D60}.Debug|Any CPU.ActiveCfg = Debug|Any CPU
		{3776CC7E-5644-4915-8400-2FE179709D60}.Debug|Any CPU.Build.0 = Debug|Any CPU
		{3776CC7E-5644-4915-8400-2FE179709D60}.Release|Any CPU.ActiveCfg = Release|Any CPU
		{3776CC7E-5644-4915-8400-2FE179709D60}.Release|Any CPU.Build.0 = Release|Any CPU
		{57130ADF-5548-4D2A-BB65-CC80DAFD9950}.Debug|Any CPU.ActiveCfg = Debug|Any CPU
		{57130ADF-5548-4D2A-BB65-CC80DAFD9950}.Debug|Any CPU.Build.0 = Debug|Any CPU
		{57130ADF-5548-4D2A-BB65-CC80DAFD9950}.Release|Any CPU.ActiveCfg = Release|Any CPU
		{57130ADF-5548-4D2A-BB65-CC80DAFD9950}.Release|Any CPU.Build.0 = Release|Any CPU
		{CBB43C4B-AC3F-495B-A220-E9266A06BB19}.Debug|Any CPU.ActiveCfg = Debug|Any CPU
		{CBB43C4B-AC3F-495B-A220-E9266A06BB19}.Debug|Any CPU.Build.0 = Debug|Any CPU
		{CBB43C4B-AC3F-495B-A220-E9266A06BB19}.Release|Any CPU.ActiveCfg = Release|Any CPU
		{CBB43C4B-AC3F-495B-A220-E9266A06BB19}.Release|Any CPU.Build.0 = Release|Any CPU
		{AF3DBE23-6D71-461D-B9C3-FBADE96C395A}.Debug|Any CPU.ActiveCfg = Debug|Any CPU
		{AF3DBE23-6D71-461D-B9C3-FBADE96C395A}.Debug|Any CPU.Build.0 = Debug|Any CPU
		{AF3DBE23-6D71-461D-B9C3-FBADE96C395A}.Release|Any CPU.ActiveCfg = Release|Any CPU
		{AF3DBE23-6D71-461D-B9C3-FBADE96C395A}.Release|Any CPU.Build.0 = Release|Any CPU
		{98C51DC5-09E3-4CE9-957B-1A9336EBF23C}.Debug|Any CPU.ActiveCfg = Debug|Any CPU
		{98C51DC5-09E3-4CE9-957B-1A9336EBF23C}.Debug|Any CPU.Build.0 = Debug|Any CPU
		{98C51DC5-09E3-4CE9-957B-1A9336EBF23C}.Release|Any CPU.ActiveCfg = Release|Any CPU
		{98C51DC5-09E3-4CE9-957B-1A9336EBF23C}.Release|Any CPU.Build.0 = Release|Any CPU
		{DCE7B6B6-4617-4063-8E55-AA2B0F7C7BE2}.Debug|Any CPU.ActiveCfg = Debug|Any CPU
		{DCE7B6B6-4617-4063-8E55-AA2B0F7C7BE2}.Debug|Any CPU.Build.0 = Debug|Any CPU
		{DCE7B6B6-4617-4063-8E55-AA2B0F7C7BE2}.Release|Any CPU.ActiveCfg = Release|Any CPU
		{DCE7B6B6-4617-4063-8E55-AA2B0F7C7BE2}.Release|Any CPU.Build.0 = Release|Any CPU
		{C2ACBD35-964A-4E61-8BAD-784414BA36B9}.Debug|Any CPU.ActiveCfg = Debug|Any CPU
		{C2ACBD35-964A-4E61-8BAD-784414BA36B9}.Debug|Any CPU.Build.0 = Debug|Any CPU
		{C2ACBD35-964A-4E61-8BAD-784414BA36B9}.Release|Any CPU.ActiveCfg = Release|Any CPU
		{C2ACBD35-964A-4E61-8BAD-784414BA36B9}.Release|Any CPU.Build.0 = Release|Any CPU
		{A2469090-CF84-4B18-91F3-D1D61FA2D1B9}.Debug|Any CPU.ActiveCfg = Debug|Any CPU
		{A2469090-CF84-4B18-91F3-D1D61FA2D1B9}.Debug|Any CPU.Build.0 = Debug|Any CPU
		{A2469090-CF84-4B18-91F3-D1D61FA2D1B9}.Release|Any CPU.ActiveCfg = Release|Any CPU
		{A2469090-CF84-4B18-91F3-D1D61FA2D1B9}.Release|Any CPU.Build.0 = Release|Any CPU
		{547196CC-28BC-4893-9920-F34CF5719906}.Debug|Any CPU.ActiveCfg = Debug|Any CPU
		{547196CC-28BC-4893-9920-F34CF5719906}.Debug|Any CPU.Build.0 = Debug|Any CPU
		{547196CC-28BC-4893-9920-F34CF5719906}.Release|Any CPU.ActiveCfg = Release|Any CPU
		{547196CC-28BC-4893-9920-F34CF5719906}.Release|Any CPU.Build.0 = Release|Any CPU
		{8E997992-095F-418E-90D2-F251A079C439}.Debug|Any CPU.ActiveCfg = Debug|Any CPU
		{8E997992-095F-418E-90D2-F251A079C439}.Debug|Any CPU.Build.0 = Debug|Any CPU
		{8E997992-095F-418E-90D2-F251A079C439}.Release|Any CPU.ActiveCfg = Release|Any CPU
		{8E997992-095F-418E-90D2-F251A079C439}.Release|Any CPU.Build.0 = Release|Any CPU
		{80D09935-BC02-4F37-A6E6-1800463ECD6C}.Debug|Any CPU.ActiveCfg = Debug|Any CPU
		{80D09935-BC02-4F37-A6E6-1800463ECD6C}.Debug|Any CPU.Build.0 = Debug|Any CPU
		{80D09935-BC02-4F37-A6E6-1800463ECD6C}.Release|Any CPU.ActiveCfg = Release|Any CPU
		{80D09935-BC02-4F37-A6E6-1800463ECD6C}.Release|Any CPU.Build.0 = Release|Any CPU
		{CD465168-DCA4-4E2B-8167-7E7091252DFF}.Debug|Any CPU.ActiveCfg = Debug|Any CPU
		{CD465168-DCA4-4E2B-8167-7E7091252DFF}.Debug|Any CPU.Build.0 = Debug|Any CPU
		{CD465168-DCA4-4E2B-8167-7E7091252DFF}.Release|Any CPU.ActiveCfg = Release|Any CPU
		{CD465168-DCA4-4E2B-8167-7E7091252DFF}.Release|Any CPU.Build.0 = Release|Any CPU
		{527DCB0E-8DEA-4094-9E02-96B8A38F2AC6}.Debug|Any CPU.ActiveCfg = Debug|Any CPU
		{527DCB0E-8DEA-4094-9E02-96B8A38F2AC6}.Debug|Any CPU.Build.0 = Debug|Any CPU
		{527DCB0E-8DEA-4094-9E02-96B8A38F2AC6}.Release|Any CPU.ActiveCfg = Release|Any CPU
		{527DCB0E-8DEA-4094-9E02-96B8A38F2AC6}.Release|Any CPU.Build.0 = Release|Any CPU
		{BE74CEDE-D827-4C1A-BA0E-9B65017F58F4}.Debug|Any CPU.ActiveCfg = Debug|Any CPU
		{BE74CEDE-D827-4C1A-BA0E-9B65017F58F4}.Debug|Any CPU.Build.0 = Debug|Any CPU
		{BE74CEDE-D827-4C1A-BA0E-9B65017F58F4}.Release|Any CPU.ActiveCfg = Release|Any CPU
		{BE74CEDE-D827-4C1A-BA0E-9B65017F58F4}.Release|Any CPU.Build.0 = Release|Any CPU
		{F2361B16-8293-4030-B4D0-D7BA5ACBCAF8}.Debug|Any CPU.ActiveCfg = Debug|Any CPU
		{F2361B16-8293-4030-B4D0-D7BA5ACBCAF8}.Debug|Any CPU.Build.0 = Debug|Any CPU
		{F2361B16-8293-4030-B4D0-D7BA5ACBCAF8}.Release|Any CPU.ActiveCfg = Release|Any CPU
		{F2361B16-8293-4030-B4D0-D7BA5ACBCAF8}.Release|Any CPU.Build.0 = Release|Any CPU
		{692F5092-FC9A-40D5-9610-6465EBD7D788}.Debug|Any CPU.ActiveCfg = Debug|Any CPU
		{692F5092-FC9A-40D5-9610-6465EBD7D788}.Debug|Any CPU.Build.0 = Debug|Any CPU
		{692F5092-FC9A-40D5-9610-6465EBD7D788}.Release|Any CPU.ActiveCfg = Release|Any CPU
		{692F5092-FC9A-40D5-9610-6465EBD7D788}.Release|Any CPU.Build.0 = Release|Any CPU
		{B6D2D72D-40FF-4840-94CC-FFAAEB740292}.Debug|Any CPU.ActiveCfg = Debug|Any CPU
		{B6D2D72D-40FF-4840-94CC-FFAAEB740292}.Debug|Any CPU.Build.0 = Debug|Any CPU
		{B6D2D72D-40FF-4840-94CC-FFAAEB740292}.Release|Any CPU.ActiveCfg = Release|Any CPU
		{B6D2D72D-40FF-4840-94CC-FFAAEB740292}.Release|Any CPU.Build.0 = Release|Any CPU
		{4B04189F-87CB-4B16-AAEA-F4AADFC1C80D}.Debug|Any CPU.ActiveCfg = Debug|Any CPU
		{4B04189F-87CB-4B16-AAEA-F4AADFC1C80D}.Debug|Any CPU.Build.0 = Debug|Any CPU
		{4B04189F-87CB-4B16-AAEA-F4AADFC1C80D}.Release|Any CPU.ActiveCfg = Release|Any CPU
		{4B04189F-87CB-4B16-AAEA-F4AADFC1C80D}.Release|Any CPU.Build.0 = Release|Any CPU
		{03C65BE8-49A7-470B-B33B-9CB0E0AA7EA0}.Debug|Any CPU.ActiveCfg = Debug|Any CPU
		{03C65BE8-49A7-470B-B33B-9CB0E0AA7EA0}.Debug|Any CPU.Build.0 = Debug|Any CPU
		{03C65BE8-49A7-470B-B33B-9CB0E0AA7EA0}.Release|Any CPU.ActiveCfg = Release|Any CPU
		{03C65BE8-49A7-470B-B33B-9CB0E0AA7EA0}.Release|Any CPU.Build.0 = Release|Any CPU
		{01608CA4-4A91-41B8-AFC7-2B74E5C11C91}.Debug|Any CPU.ActiveCfg = Debug|Any CPU
		{01608CA4-4A91-41B8-AFC7-2B74E5C11C91}.Debug|Any CPU.Build.0 = Debug|Any CPU
		{01608CA4-4A91-41B8-AFC7-2B74E5C11C91}.Release|Any CPU.ActiveCfg = Release|Any CPU
		{01608CA4-4A91-41B8-AFC7-2B74E5C11C91}.Release|Any CPU.Build.0 = Release|Any CPU
		{A4289EEE-84F5-428C-98E1-9BECC11FB1D6}.Debug|Any CPU.ActiveCfg = Debug|Any CPU
		{A4289EEE-84F5-428C-98E1-9BECC11FB1D6}.Debug|Any CPU.Build.0 = Debug|Any CPU
		{A4289EEE-84F5-428C-98E1-9BECC11FB1D6}.Release|Any CPU.ActiveCfg = Release|Any CPU
		{A4289EEE-84F5-428C-98E1-9BECC11FB1D6}.Release|Any CPU.Build.0 = Release|Any CPU
		{14FEEAF2-FFFE-4151-98D3-61A102CDA191}.Debug|Any CPU.ActiveCfg = Debug|Any CPU
		{14FEEAF2-FFFE-4151-98D3-61A102CDA191}.Debug|Any CPU.Build.0 = Debug|Any CPU
		{14FEEAF2-FFFE-4151-98D3-61A102CDA191}.Release|Any CPU.ActiveCfg = Release|Any CPU
		{14FEEAF2-FFFE-4151-98D3-61A102CDA191}.Release|Any CPU.Build.0 = Release|Any CPU
		{E1D2F70F-8009-4D59-A4C7-8EEC1A7E4DF2}.Debug|Any CPU.ActiveCfg = Debug|Any CPU
		{E1D2F70F-8009-4D59-A4C7-8EEC1A7E4DF2}.Debug|Any CPU.Build.0 = Debug|Any CPU
		{E1D2F70F-8009-4D59-A4C7-8EEC1A7E4DF2}.Release|Any CPU.ActiveCfg = Release|Any CPU
		{E1D2F70F-8009-4D59-A4C7-8EEC1A7E4DF2}.Release|Any CPU.Build.0 = Release|Any CPU
		{B2C93296-FA2C-416E-8309-29A3E0233EF4}.Debug|Any CPU.ActiveCfg = Debug|Any CPU
		{B2C93296-FA2C-416E-8309-29A3E0233EF4}.Debug|Any CPU.Build.0 = Debug|Any CPU
		{B2C93296-FA2C-416E-8309-29A3E0233EF4}.Release|Any CPU.ActiveCfg = Release|Any CPU
		{B2C93296-FA2C-416E-8309-29A3E0233EF4}.Release|Any CPU.Build.0 = Release|Any CPU
		{43E1285D-F3BF-48F1-A732-68EFF9EB50F8}.Debug|Any CPU.ActiveCfg = Debug|Any CPU
		{43E1285D-F3BF-48F1-A732-68EFF9EB50F8}.Debug|Any CPU.Build.0 = Debug|Any CPU
		{43E1285D-F3BF-48F1-A732-68EFF9EB50F8}.Release|Any CPU.ActiveCfg = Release|Any CPU
		{43E1285D-F3BF-48F1-A732-68EFF9EB50F8}.Release|Any CPU.Build.0 = Release|Any CPU
		{A7B041CB-8CE4-4558-8E33-35F5984AF16D}.Debug|Any CPU.ActiveCfg = Debug|Any CPU
		{A7B041CB-8CE4-4558-8E33-35F5984AF16D}.Debug|Any CPU.Build.0 = Debug|Any CPU
		{A7B041CB-8CE4-4558-8E33-35F5984AF16D}.Release|Any CPU.ActiveCfg = Release|Any CPU
		{A7B041CB-8CE4-4558-8E33-35F5984AF16D}.Release|Any CPU.Build.0 = Release|Any CPU
		{BCFF1899-6759-44C5-841C-C700B7E94E9B}.Debug|Any CPU.ActiveCfg = Debug|Any CPU
		{BCFF1899-6759-44C5-841C-C700B7E94E9B}.Debug|Any CPU.Build.0 = Debug|Any CPU
		{BCFF1899-6759-44C5-841C-C700B7E94E9B}.Release|Any CPU.ActiveCfg = Release|Any CPU
		{BCFF1899-6759-44C5-841C-C700B7E94E9B}.Release|Any CPU.Build.0 = Release|Any CPU
		{961155C0-6024-4299-97D6-305A00871081}.Debug|Any CPU.ActiveCfg = Debug|Any CPU
		{961155C0-6024-4299-97D6-305A00871081}.Debug|Any CPU.Build.0 = Debug|Any CPU
		{961155C0-6024-4299-97D6-305A00871081}.Release|Any CPU.ActiveCfg = Release|Any CPU
		{961155C0-6024-4299-97D6-305A00871081}.Release|Any CPU.Build.0 = Release|Any CPU
		{4D2DC2F4-F6C4-484D-B05A-263D9D318E5B}.Debug|Any CPU.ActiveCfg = Debug|Any CPU
		{4D2DC2F4-F6C4-484D-B05A-263D9D318E5B}.Debug|Any CPU.Build.0 = Debug|Any CPU
		{4D2DC2F4-F6C4-484D-B05A-263D9D318E5B}.Release|Any CPU.ActiveCfg = Release|Any CPU
		{4D2DC2F4-F6C4-484D-B05A-263D9D318E5B}.Release|Any CPU.Build.0 = Release|Any CPU
		{6BBFE57E-BEFF-45AC-8960-1779E315E39C}.Debug|Any CPU.ActiveCfg = Debug|Any CPU
		{6BBFE57E-BEFF-45AC-8960-1779E315E39C}.Debug|Any CPU.Build.0 = Debug|Any CPU
		{6BBFE57E-BEFF-45AC-8960-1779E315E39C}.Release|Any CPU.ActiveCfg = Release|Any CPU
		{6BBFE57E-BEFF-45AC-8960-1779E315E39C}.Release|Any CPU.Build.0 = Release|Any CPU
		{A88A5F67-D135-46F8-B686-0948C1C85F80}.Debug|Any CPU.ActiveCfg = Debug|Any CPU
		{A88A5F67-D135-46F8-B686-0948C1C85F80}.Debug|Any CPU.Build.0 = Debug|Any CPU
		{A88A5F67-D135-46F8-B686-0948C1C85F80}.Release|Any CPU.ActiveCfg = Release|Any CPU
		{A88A5F67-D135-46F8-B686-0948C1C85F80}.Release|Any CPU.Build.0 = Release|Any CPU
		{EBB6F5CA-EA99-45B8-8CB8-67E0496B6DA1}.Debug|Any CPU.ActiveCfg = Debug|Any CPU
		{EBB6F5CA-EA99-45B8-8CB8-67E0496B6DA1}.Debug|Any CPU.Build.0 = Debug|Any CPU
		{EBB6F5CA-EA99-45B8-8CB8-67E0496B6DA1}.Release|Any CPU.ActiveCfg = Release|Any CPU
		{EBB6F5CA-EA99-45B8-8CB8-67E0496B6DA1}.Release|Any CPU.Build.0 = Release|Any CPU
	EndGlobalSection
	GlobalSection(SolutionProperties) = preSolution
		HideSolutionNode = FALSE
	EndGlobalSection
	GlobalSection(NestedProjects) = preSolution
		{39FAE76F-2C55-49B0-95D3-9321AB6CB6D3} = {0BC982E9-6A28-4C28-8AC9-0B4431064F9D}
		{2059630E-5796-4A0C-9804-045A086FDC30} = {0BC982E9-6A28-4C28-8AC9-0B4431064F9D}
		{50E14DE2-884F-484F-8D83-2FA5AB30ED64} = {0BC982E9-6A28-4C28-8AC9-0B4431064F9D}
		{49371E16-1154-4488-B32E-E2883575BEC8} = {39FAE76F-2C55-49B0-95D3-9321AB6CB6D3}
		{954CE4D9-0B9E-4736-8EB5-C88143432107} = {52360158-5642-418B-AB73-A6877B8F50DF}
		{4A8399EC-80CA-4DB9-886C-A8916D63FEA4} = {39FAE76F-2C55-49B0-95D3-9321AB6CB6D3}
		{8C0557A2-30DC-4C35-A48B-2721BF0BDFB7} = {69D7DF55-97BF-42E9-A63E-65FB6C6B9E82}
		{3776CC7E-5644-4915-8400-2FE179709D60} = {39FAE76F-2C55-49B0-95D3-9321AB6CB6D3}
		{57130ADF-5548-4D2A-BB65-CC80DAFD9950} = {39FAE76F-2C55-49B0-95D3-9321AB6CB6D3}
		{CBB43C4B-AC3F-495B-A220-E9266A06BB19} = {39FAE76F-2C55-49B0-95D3-9321AB6CB6D3}
		{AF3DBE23-6D71-461D-B9C3-FBADE96C395A} = {39FAE76F-2C55-49B0-95D3-9321AB6CB6D3}
		{98C51DC5-09E3-4CE9-957B-1A9336EBF23C} = {4E38F7C8-620E-4522-A110-65633F46F607}
		{DCE7B6B6-4617-4063-8E55-AA2B0F7C7BE2} = {C6E59042-550D-4E07-B339-5791E066AB8F}
		{C2ACBD35-964A-4E61-8BAD-784414BA36B9} = {39FAE76F-2C55-49B0-95D3-9321AB6CB6D3}
		{A2469090-CF84-4B18-91F3-D1D61FA2D1B9} = {9ABB371E-6E15-4FA8-AE40-785F67DD136A}
		{169A12D7-296F-46B0-9EEF-C3A576D05428} = {39FAE76F-2C55-49B0-95D3-9321AB6CB6D3}
		{547196CC-28BC-4893-9920-F34CF5719906} = {39FAE76F-2C55-49B0-95D3-9321AB6CB6D3}
		{69D7DF55-97BF-42E9-A63E-65FB6C6B9E82} = {39FAE76F-2C55-49B0-95D3-9321AB6CB6D3}
		{4E38F7C8-620E-4522-A110-65633F46F607} = {39FAE76F-2C55-49B0-95D3-9321AB6CB6D3}
		{52360158-5642-418B-AB73-A6877B8F50DF} = {39FAE76F-2C55-49B0-95D3-9321AB6CB6D3}
		{C6E59042-550D-4E07-B339-5791E066AB8F} = {39FAE76F-2C55-49B0-95D3-9321AB6CB6D3}
		{8E997992-095F-418E-90D2-F251A079C439} = {169A12D7-296F-46B0-9EEF-C3A576D05428}
		{80D09935-BC02-4F37-A6E6-1800463ECD6C} = {39FAE76F-2C55-49B0-95D3-9321AB6CB6D3}
		{CD465168-DCA4-4E2B-8167-7E7091252DFF} = {39FAE76F-2C55-49B0-95D3-9321AB6CB6D3}
		{527DCB0E-8DEA-4094-9E02-96B8A38F2AC6} = {39FAE76F-2C55-49B0-95D3-9321AB6CB6D3}
		{BE74CEDE-D827-4C1A-BA0E-9B65017F58F4} = {C6E59042-550D-4E07-B339-5791E066AB8F}
		{F2361B16-8293-4030-B4D0-D7BA5ACBCAF8} = {39FAE76F-2C55-49B0-95D3-9321AB6CB6D3}
		{692F5092-FC9A-40D5-9610-6465EBD7D788} = {39FAE76F-2C55-49B0-95D3-9321AB6CB6D3}
		{B6D2D72D-40FF-4840-94CC-FFAAEB740292} = {39FAE76F-2C55-49B0-95D3-9321AB6CB6D3}
		{4B04189F-87CB-4B16-AAEA-F4AADFC1C80D} = {39FAE76F-2C55-49B0-95D3-9321AB6CB6D3}
		{03C65BE8-49A7-470B-B33B-9CB0E0AA7EA0} = {39FAE76F-2C55-49B0-95D3-9321AB6CB6D3}
		{01608CA4-4A91-41B8-AFC7-2B74E5C11C91} = {39FAE76F-2C55-49B0-95D3-9321AB6CB6D3}
		{A4289EEE-84F5-428C-98E1-9BECC11FB1D6} = {39FAE76F-2C55-49B0-95D3-9321AB6CB6D3}
		{14FEEAF2-FFFE-4151-98D3-61A102CDA191} = {169A12D7-296F-46B0-9EEF-C3A576D05428}
		{9ABB371E-6E15-4FA8-AE40-785F67DD136A} = {39FAE76F-2C55-49B0-95D3-9321AB6CB6D3}
		{E1D2F70F-8009-4D59-A4C7-8EEC1A7E4DF2} = {6F2CAD58-984B-42E2-A535-BC822BF91E3E}
		{6F2CAD58-984B-42E2-A535-BC822BF91E3E} = {39FAE76F-2C55-49B0-95D3-9321AB6CB6D3}
		{B2C93296-FA2C-416E-8309-29A3E0233EF4} = {6F2CAD58-984B-42E2-A535-BC822BF91E3E}
		{7AB066A4-8672-417F-99F5-0C9138CF8067} = {39FAE76F-2C55-49B0-95D3-9321AB6CB6D3}
		{43E1285D-F3BF-48F1-A732-68EFF9EB50F8} = {7AB066A4-8672-417F-99F5-0C9138CF8067}
		{A7B041CB-8CE4-4558-8E33-35F5984AF16D} = {69D7DF55-97BF-42E9-A63E-65FB6C6B9E82}
		{BCFF1899-6759-44C5-841C-C700B7E94E9B} = {B855ED99-5303-4D66-88CC-9F53E27D9B63}
		{1AD95D6C-BB8B-4435-A58A-39344F6996DD} = {39FAE76F-2C55-49B0-95D3-9321AB6CB6D3}
		{4D2DC2F4-F6C4-484D-B05A-263D9D318E5B} = {1AD95D6C-BB8B-4435-A58A-39344F6996DD}
		{FFB4CF7C-7A5E-4CD8-A8A5-879B00B9BF18} = {39FAE76F-2C55-49B0-95D3-9321AB6CB6D3}
		{6A0B83E9-2EDC-4118-AA03-E9F4D9553C97} = {39FAE76F-2C55-49B0-95D3-9321AB6CB6D3}
		{6BBFE57E-BEFF-45AC-8960-1779E315E39C} = {6A0B83E9-2EDC-4118-AA03-E9F4D9553C97}
		{A88A5F67-D135-46F8-B686-0948C1C85F80} = {FFB4CF7C-7A5E-4CD8-A8A5-879B00B9BF18}
		{EBB6F5CA-EA99-45B8-8CB8-67E0496B6DA1} = {FFB4CF7C-7A5E-4CD8-A8A5-879B00B9BF18}
	EndGlobalSection
	GlobalSection(ExtensibilityGlobals) = postSolution
		SolutionGuid = {BD7143D0-0AB3-4BF0-A620-901C86529EAC}
	EndGlobalSection
EndGlobal
